// !$*UTF8*$!
{
	archiveVersion = 1;
	classes = {
	};
	objectVersion = 55;
	objects = {

/* Begin PBXBuildFile section */
		B03C0B5628B3AEC200CB8379 /* BreakingBadAppApp.swift in Sources */ = {isa = PBXBuildFile; fileRef = B03C0B5528B3AEC200CB8379 /* BreakingBadAppApp.swift */; };
		B03C0B5828B3AEC200CB8379 /* ContentView.swift in Sources */ = {isa = PBXBuildFile; fileRef = B03C0B5728B3AEC200CB8379 /* ContentView.swift */; };
		B03C0B5A28B3AEC300CB8379 /* Assets.xcassets in Resources */ = {isa = PBXBuildFile; fileRef = B03C0B5928B3AEC300CB8379 /* Assets.xcassets */; };
		B03C0B5D28B3AEC300CB8379 /* Preview Assets.xcassets in Resources */ = {isa = PBXBuildFile; fileRef = B03C0B5C28B3AEC300CB8379 /* Preview Assets.xcassets */; };
		B03C0B5F28B3AEC300CB8379 /* Persistence.swift in Sources */ = {isa = PBXBuildFile; fileRef = B03C0B5E28B3AEC300CB8379 /* Persistence.swift */; };
		B03C0B6228B3AEC300CB8379 /* BreakingBadApp.xcdatamodeld in Sources */ = {isa = PBXBuildFile; fileRef = B03C0B6028B3AEC300CB8379 /* BreakingBadApp.xcdatamodeld */; };
		B03C0B6C28B3AEC300CB8379 /* BreakingBadAppTests.swift in Sources */ = {isa = PBXBuildFile; fileRef = B03C0B6B28B3AEC300CB8379 /* BreakingBadAppTests.swift */; };
		B03C0B7628B3AEC300CB8379 /* BreakingBadAppUITests.swift in Sources */ = {isa = PBXBuildFile; fileRef = B03C0B7528B3AEC300CB8379 /* BreakingBadAppUITests.swift */; };
		B03C0B7828B3AEC300CB8379 /* BreakingBadAppUITestsLaunchTests.swift in Sources */ = {isa = PBXBuildFile; fileRef = B03C0B7728B3AEC300CB8379 /* BreakingBadAppUITestsLaunchTests.swift */; };
/* End PBXBuildFile section */

/* Begin PBXContainerItemProxy section */
		B03C0B6828B3AEC300CB8379 /* PBXContainerItemProxy */ = {
			isa = PBXContainerItemProxy;
			containerPortal = B03C0B4A28B3AEC200CB8379 /* Project object */;
			proxyType = 1;
			remoteGlobalIDString = B03C0B5128B3AEC200CB8379;
			remoteInfo = BreakingBadApp;
		};
		B03C0B7228B3AEC300CB8379 /* PBXContainerItemProxy */ = {
			isa = PBXContainerItemProxy;
			containerPortal = B03C0B4A28B3AEC200CB8379 /* Project object */;
			proxyType = 1;
			remoteGlobalIDString = B03C0B5128B3AEC200CB8379;
			remoteInfo = BreakingBadApp;
		};
/* End PBXContainerItemProxy section */

/* Begin PBXFileReference section */
		B03C0B5228B3AEC200CB8379 /* BreakingBadApp.app */ = {isa = PBXFileReference; explicitFileType = wrapper.application; includeInIndex = 0; path = BreakingBadApp.app; sourceTree = BUILT_PRODUCTS_DIR; };
		B03C0B5528B3AEC200CB8379 /* BreakingBadAppApp.swift */ = {isa = PBXFileReference; lastKnownFileType = sourcecode.swift; path = BreakingBadAppApp.swift; sourceTree = "<group>"; };
		B03C0B5728B3AEC200CB8379 /* ContentView.swift */ = {isa = PBXFileReference; lastKnownFileType = sourcecode.swift; path = ContentView.swift; sourceTree = "<group>"; };
		B03C0B5928B3AEC300CB8379 /* Assets.xcassets */ = {isa = PBXFileReference; lastKnownFileType = folder.assetcatalog; path = Assets.xcassets; sourceTree = "<group>"; };
		B03C0B5C28B3AEC300CB8379 /* Preview Assets.xcassets */ = {isa = PBXFileReference; lastKnownFileType = folder.assetcatalog; path = "Preview Assets.xcassets"; sourceTree = "<group>"; };
		B03C0B5E28B3AEC300CB8379 /* Persistence.swift */ = {isa = PBXFileReference; lastKnownFileType = sourcecode.swift; path = Persistence.swift; sourceTree = "<group>"; };
		B03C0B6128B3AEC300CB8379 /* BreakingBadApp.xcdatamodel */ = {isa = PBXFileReference; lastKnownFileType = wrapper.xcdatamodel; path = BreakingBadApp.xcdatamodel; sourceTree = "<group>"; };
		B03C0B6728B3AEC300CB8379 /* BreakingBadAppTests.xctest */ = {isa = PBXFileReference; explicitFileType = wrapper.cfbundle; includeInIndex = 0; path = BreakingBadAppTests.xctest; sourceTree = BUILT_PRODUCTS_DIR; };
		B03C0B6B28B3AEC300CB8379 /* BreakingBadAppTests.swift */ = {isa = PBXFileReference; lastKnownFileType = sourcecode.swift; path = BreakingBadAppTests.swift; sourceTree = "<group>"; };
		B03C0B7128B3AEC300CB8379 /* BreakingBadAppUITests.xctest */ = {isa = PBXFileReference; explicitFileType = wrapper.cfbundle; includeInIndex = 0; path = BreakingBadAppUITests.xctest; sourceTree = BUILT_PRODUCTS_DIR; };
		B03C0B7528B3AEC300CB8379 /* BreakingBadAppUITests.swift */ = {isa = PBXFileReference; lastKnownFileType = sourcecode.swift; path = BreakingBadAppUITests.swift; sourceTree = "<group>"; };
		B03C0B7728B3AEC300CB8379 /* BreakingBadAppUITestsLaunchTests.swift */ = {isa = PBXFileReference; lastKnownFileType = sourcecode.swift; path = BreakingBadAppUITestsLaunchTests.swift; sourceTree = "<group>"; };
/* End PBXFileReference section */

/* Begin PBXFrameworksBuildPhase section */
		B03C0B4F28B3AEC200CB8379 /* Frameworks */ = {
			isa = PBXFrameworksBuildPhase;
			buildActionMask = 2147483647;
			files = (
			);
			runOnlyForDeploymentPostprocessing = 0;
		};
		B03C0B6428B3AEC300CB8379 /* Frameworks */ = {
			isa = PBXFrameworksBuildPhase;
			buildActionMask = 2147483647;
			files = (
			);
			runOnlyForDeploymentPostprocessing = 0;
		};
		B03C0B6E28B3AEC300CB8379 /* Frameworks */ = {
			isa = PBXFrameworksBuildPhase;
			buildActionMask = 2147483647;
			files = (
			);
			runOnlyForDeploymentPostprocessing = 0;
		};
/* End PBXFrameworksBuildPhase section */

/* Begin PBXGroup section */
		B03C0B4928B3AEC200CB8379 = {
			isa = PBXGroup;
			children = (
				B03C0B5428B3AEC200CB8379 /* BreakingBadApp */,
				B03C0B6A28B3AEC300CB8379 /* BreakingBadAppTests */,
				B03C0B7428B3AEC300CB8379 /* BreakingBadAppUITests */,
				B03C0B5328B3AEC200CB8379 /* Products */,
			);
			sourceTree = "<group>";
		};
		B03C0B5328B3AEC200CB8379 /* Products */ = {
			isa = PBXGroup;
			children = (
				B03C0B5228B3AEC200CB8379 /* BreakingBadApp.app */,
				B03C0B6728B3AEC300CB8379 /* BreakingBadAppTests.xctest */,
				B03C0B7128B3AEC300CB8379 /* BreakingBadAppUITests.xctest */,
			);
			name = Products;
			sourceTree = "<group>";
		};
		B03C0B5428B3AEC200CB8379 /* BreakingBadApp */ = {
			isa = PBXGroup;
			children = (
				B03C0B5528B3AEC200CB8379 /* BreakingBadAppApp.swift */,
				B03C0B5728B3AEC200CB8379 /* ContentView.swift */,
				B03C0B5928B3AEC300CB8379 /* Assets.xcassets */,
				B03C0B5E28B3AEC300CB8379 /* Persistence.swift */,
				B03C0B6028B3AEC300CB8379 /* BreakingBadApp.xcdatamodeld */,
				B03C0B5B28B3AEC300CB8379 /* Preview Content */,
			);
			path = BreakingBadApp;
			sourceTree = "<group>";
		};
		B03C0B5B28B3AEC300CB8379 /* Preview Content */ = {
			isa = PBXGroup;
			children = (
				B03C0B5C28B3AEC300CB8379 /* Preview Assets.xcassets */,
			);
			path = "Preview Content";
			sourceTree = "<group>";
		};
		B03C0B6A28B3AEC300CB8379 /* BreakingBadAppTests */ = {
			isa = PBXGroup;
			children = (
				B03C0B6B28B3AEC300CB8379 /* BreakingBadAppTests.swift */,
			);
			path = BreakingBadAppTests;
			sourceTree = "<group>";
		};
		B03C0B7428B3AEC300CB8379 /* BreakingBadAppUITests */ = {
			isa = PBXGroup;
			children = (
				B03C0B7528B3AEC300CB8379 /* BreakingBadAppUITests.swift */,
				B03C0B7728B3AEC300CB8379 /* BreakingBadAppUITestsLaunchTests.swift */,
			);
			path = BreakingBadAppUITests;
			sourceTree = "<group>";
		};
/* End PBXGroup section */

/* Begin PBXNativeTarget section */
		B03C0B5128B3AEC200CB8379 /* BreakingBadApp */ = {
			isa = PBXNativeTarget;
			buildConfigurationList = B03C0B7B28B3AEC300CB8379 /* Build configuration list for PBXNativeTarget "BreakingBadApp" */;
			buildPhases = (
				B03C0B4E28B3AEC200CB8379 /* Sources */,
				B03C0B4F28B3AEC200CB8379 /* Frameworks */,
				B03C0B5028B3AEC200CB8379 /* Resources */,
			);
			buildRules = (
			);
			dependencies = (
			);
			name = BreakingBadApp;
			productName = BreakingBadApp;
			productReference = B03C0B5228B3AEC200CB8379 /* BreakingBadApp.app */;
			productType = "com.apple.product-type.application";
		};
		B03C0B6628B3AEC300CB8379 /* BreakingBadAppTests */ = {
			isa = PBXNativeTarget;
			buildConfigurationList = B03C0B7E28B3AEC300CB8379 /* Build configuration list for PBXNativeTarget "BreakingBadAppTests" */;
			buildPhases = (
				B03C0B6328B3AEC300CB8379 /* Sources */,
				B03C0B6428B3AEC300CB8379 /* Frameworks */,
				B03C0B6528B3AEC300CB8379 /* Resources */,
			);
			buildRules = (
			);
			dependencies = (
				B03C0B6928B3AEC300CB8379 /* PBXTargetDependency */,
			);
			name = BreakingBadAppTests;
			productName = BreakingBadAppTests;
			productReference = B03C0B6728B3AEC300CB8379 /* BreakingBadAppTests.xctest */;
			productType = "com.apple.product-type.bundle.unit-test";
		};
		B03C0B7028B3AEC300CB8379 /* BreakingBadAppUITests */ = {
			isa = PBXNativeTarget;
			buildConfigurationList = B03C0B8128B3AEC300CB8379 /* Build configuration list for PBXNativeTarget "BreakingBadAppUITests" */;
			buildPhases = (
				B03C0B6D28B3AEC300CB8379 /* Sources */,
				B03C0B6E28B3AEC300CB8379 /* Frameworks */,
				B03C0B6F28B3AEC300CB8379 /* Resources */,
			);
			buildRules = (
			);
			dependencies = (
				B03C0B7328B3AEC300CB8379 /* PBXTargetDependency */,
			);
			name = BreakingBadAppUITests;
			productName = BreakingBadAppUITests;
			productReference = B03C0B7128B3AEC300CB8379 /* BreakingBadAppUITests.xctest */;
			productType = "com.apple.product-type.bundle.ui-testing";
		};
/* End PBXNativeTarget section */

/* Begin PBXProject section */
		B03C0B4A28B3AEC200CB8379 /* Project object */ = {
			isa = PBXProject;
			attributes = {
				BuildIndependentTargetsInParallel = 1;
				LastSwiftUpdateCheck = 1340;
				LastUpgradeCheck = 1340;
				TargetAttributes = {
					B03C0B5128B3AEC200CB8379 = {
						CreatedOnToolsVersion = 13.4.1;
					};
					B03C0B6628B3AEC300CB8379 = {
						CreatedOnToolsVersion = 13.4.1;
						TestTargetID = B03C0B5128B3AEC200CB8379;
					};
					B03C0B7028B3AEC300CB8379 = {
						CreatedOnToolsVersion = 13.4.1;
						TestTargetID = B03C0B5128B3AEC200CB8379;
					};
				};
			};
			buildConfigurationList = B03C0B4D28B3AEC200CB8379 /* Build configuration list for PBXProject "BreakingBadApp" */;
			compatibilityVersion = "Xcode 13.0";
			developmentRegion = en;
			hasScannedForEncodings = 0;
			knownRegions = (
				en,
				Base,
			);
			mainGroup = B03C0B4928B3AEC200CB8379;
			productRefGroup = B03C0B5328B3AEC200CB8379 /* Products */;
			projectDirPath = "";
			projectRoot = "";
			targets = (
				B03C0B5128B3AEC200CB8379 /* BreakingBadApp */,
				B03C0B6628B3AEC300CB8379 /* BreakingBadAppTests */,
				B03C0B7028B3AEC300CB8379 /* BreakingBadAppUITests */,
			);
		};
/* End PBXProject section */

/* Begin PBXResourcesBuildPhase section */
		B03C0B5028B3AEC200CB8379 /* Resources */ = {
			isa = PBXResourcesBuildPhase;
			buildActionMask = 2147483647;
			files = (
				B03C0B5D28B3AEC300CB8379 /* Preview Assets.xcassets in Resources */,
				B03C0B5A28B3AEC300CB8379 /* Assets.xcassets in Resources */,
			);
			runOnlyForDeploymentPostprocessing = 0;
		};
		B03C0B6528B3AEC300CB8379 /* Resources */ = {
			isa = PBXResourcesBuildPhase;
			buildActionMask = 2147483647;
			files = (
			);
			runOnlyForDeploymentPostprocessing = 0;
		};
		B03C0B6F28B3AEC300CB8379 /* Resources */ = {
			isa = PBXResourcesBuildPhase;
			buildActionMask = 2147483647;
			files = (
			);
			runOnlyForDeploymentPostprocessing = 0;
		};
/* End PBXResourcesBuildPhase section */

/* Begin PBXSourcesBuildPhase section */
		B03C0B4E28B3AEC200CB8379 /* Sources */ = {
			isa = PBXSourcesBuildPhase;
			buildActionMask = 2147483647;
			files = (
				B03C0B5F28B3AEC300CB8379 /* Persistence.swift in Sources */,
				B03C0B5828B3AEC200CB8379 /* ContentView.swift in Sources */,
				B03C0B6228B3AEC300CB8379 /* BreakingBadApp.xcdatamodeld in Sources */,
				B03C0B5628B3AEC200CB8379 /* BreakingBadAppApp.swift in Sources */,
			);
			runOnlyForDeploymentPostprocessing = 0;
		};
		B03C0B6328B3AEC300CB8379 /* Sources */ = {
			isa = PBXSourcesBuildPhase;
			buildActionMask = 2147483647;
			files = (
				B03C0B6C28B3AEC300CB8379 /* BreakingBadAppTests.swift in Sources */,
			);
			runOnlyForDeploymentPostprocessing = 0;
		};
		B03C0B6D28B3AEC300CB8379 /* Sources */ = {
			isa = PBXSourcesBuildPhase;
			buildActionMask = 2147483647;
			files = (
				B03C0B7628B3AEC300CB8379 /* BreakingBadAppUITests.swift in Sources */,
				B03C0B7828B3AEC300CB8379 /* BreakingBadAppUITestsLaunchTests.swift in Sources */,
			);
			runOnlyForDeploymentPostprocessing = 0;
		};
/* End PBXSourcesBuildPhase section */

/* Begin PBXTargetDependency section */
		B03C0B6928B3AEC300CB8379 /* PBXTargetDependency */ = {
			isa = PBXTargetDependency;
			target = B03C0B5128B3AEC200CB8379 /* BreakingBadApp */;
			targetProxy = B03C0B6828B3AEC300CB8379 /* PBXContainerItemProxy */;
		};
		B03C0B7328B3AEC300CB8379 /* PBXTargetDependency */ = {
			isa = PBXTargetDependency;
			target = B03C0B5128B3AEC200CB8379 /* BreakingBadApp */;
			targetProxy = B03C0B7228B3AEC300CB8379 /* PBXContainerItemProxy */;
		};
/* End PBXTargetDependency section */

/* Begin XCBuildConfiguration section */
		B03C0B7928B3AEC300CB8379 /* Debug */ = {
			isa = XCBuildConfiguration;
			buildSettings = {
				ALWAYS_SEARCH_USER_PATHS = NO;
				CLANG_ANALYZER_NONNULL = YES;
				CLANG_ANALYZER_NUMBER_OBJECT_CONVERSION = YES_AGGRESSIVE;
				CLANG_CXX_LANGUAGE_STANDARD = "gnu++17";
				CLANG_ENABLE_MODULES = YES;
				CLANG_ENABLE_OBJC_ARC = YES;
				CLANG_ENABLE_OBJC_WEAK = YES;
				CLANG_WARN_BLOCK_CAPTURE_AUTORELEASING = YES;
				CLANG_WARN_BOOL_CONVERSION = YES;
				CLANG_WARN_COMMA = YES;
				CLANG_WARN_CONSTANT_CONVERSION = YES;
				CLANG_WARN_DEPRECATED_OBJC_IMPLEMENTATIONS = YES;
				CLANG_WARN_DIRECT_OBJC_ISA_USAGE = YES_ERROR;
				CLANG_WARN_DOCUMENTATION_COMMENTS = YES;
				CLANG_WARN_EMPTY_BODY = YES;
				CLANG_WARN_ENUM_CONVERSION = YES;
				CLANG_WARN_INFINITE_RECURSION = YES;
				CLANG_WARN_INT_CONVERSION = YES;
				CLANG_WARN_NON_LITERAL_NULL_CONVERSION = YES;
				CLANG_WARN_OBJC_IMPLICIT_RETAIN_SELF = YES;
				CLANG_WARN_OBJC_LITERAL_CONVERSION = YES;
				CLANG_WARN_OBJC_ROOT_CLASS = YES_ERROR;
				CLANG_WARN_QUOTED_INCLUDE_IN_FRAMEWORK_HEADER = YES;
				CLANG_WARN_RANGE_LOOP_ANALYSIS = YES;
				CLANG_WARN_STRICT_PROTOTYPES = YES;
				CLANG_WARN_SUSPICIOUS_MOVE = YES;
				CLANG_WARN_UNGUARDED_AVAILABILITY = YES_AGGRESSIVE;
				CLANG_WARN_UNREACHABLE_CODE = YES;
				CLANG_WARN__DUPLICATE_METHOD_MATCH = YES;
				COPY_PHASE_STRIP = NO;
				DEBUG_INFORMATION_FORMAT = dwarf;
				ENABLE_STRICT_OBJC_MSGSEND = YES;
				ENABLE_TESTABILITY = YES;
				GCC_C_LANGUAGE_STANDARD = gnu11;
				GCC_DYNAMIC_NO_PIC = NO;
				GCC_NO_COMMON_BLOCKS = YES;
				GCC_OPTIMIZATION_LEVEL = 0;
				GCC_PREPROCESSOR_DEFINITIONS = (
					"DEBUG=1",
					"$(inherited)",
				);
				GCC_WARN_64_TO_32_BIT_CONVERSION = YES;
				GCC_WARN_ABOUT_RETURN_TYPE = YES_ERROR;
				GCC_WARN_UNDECLARED_SELECTOR = YES;
				GCC_WARN_UNINITIALIZED_AUTOS = YES_AGGRESSIVE;
				GCC_WARN_UNUSED_FUNCTION = YES;
				GCC_WARN_UNUSED_VARIABLE = YES;
				IPHONEOS_DEPLOYMENT_TARGET = 15.5;
				MTL_ENABLE_DEBUG_INFO = INCLUDE_SOURCE;
				MTL_FAST_MATH = YES;
				ONLY_ACTIVE_ARCH = YES;
				SDKROOT = iphoneos;
				SWIFT_ACTIVE_COMPILATION_CONDITIONS = DEBUG;
				SWIFT_OPTIMIZATION_LEVEL = "-Onone";
			};
			name = Debug;
		};
		B03C0B7A28B3AEC300CB8379 /* Release */ = {
			isa = XCBuildConfiguration;
			buildSettings = {
				ALWAYS_SEARCH_USER_PATHS = NO;
				CLANG_ANALYZER_NONNULL = YES;
				CLANG_ANALYZER_NUMBER_OBJECT_CONVERSION = YES_AGGRESSIVE;
				CLANG_CXX_LANGUAGE_STANDARD = "gnu++17";
				CLANG_ENABLE_MODULES = YES;
				CLANG_ENABLE_OBJC_ARC = YES;
				CLANG_ENABLE_OBJC_WEAK = YES;
				CLANG_WARN_BLOCK_CAPTURE_AUTORELEASING = YES;
				CLANG_WARN_BOOL_CONVERSION = YES;
				CLANG_WARN_COMMA = YES;
				CLANG_WARN_CONSTANT_CONVERSION = YES;
				CLANG_WARN_DEPRECATED_OBJC_IMPLEMENTATIONS = YES;
				CLANG_WARN_DIRECT_OBJC_ISA_USAGE = YES_ERROR;
				CLANG_WARN_DOCUMENTATION_COMMENTS = YES;
				CLANG_WARN_EMPTY_BODY = YES;
				CLANG_WARN_ENUM_CONVERSION = YES;
				CLANG_WARN_INFINITE_RECURSION = YES;
				CLANG_WARN_INT_CONVERSION = YES;
				CLANG_WARN_NON_LITERAL_NULL_CONVERSION = YES;
				CLANG_WARN_OBJC_IMPLICIT_RETAIN_SELF = YES;
				CLANG_WARN_OBJC_LITERAL_CONVERSION = YES;
				CLANG_WARN_OBJC_ROOT_CLASS = YES_ERROR;
				CLANG_WARN_QUOTED_INCLUDE_IN_FRAMEWORK_HEADER = YES;
				CLANG_WARN_RANGE_LOOP_ANALYSIS = YES;
				CLANG_WARN_STRICT_PROTOTYPES = YES;
				CLANG_WARN_SUSPICIOUS_MOVE = YES;
				CLANG_WARN_UNGUARDED_AVAILABILITY = YES_AGGRESSIVE;
				CLANG_WARN_UNREACHABLE_CODE = YES;
				CLANG_WARN__DUPLICATE_METHOD_MATCH = YES;
				COPY_PHASE_STRIP = NO;
				DEBUG_INFORMATION_FORMAT = "dwarf-with-dsym";
				ENABLE_NS_ASSERTIONS = NO;
				ENABLE_STRICT_OBJC_MSGSEND = YES;
				GCC_C_LANGUAGE_STANDARD = gnu11;
				GCC_NO_COMMON_BLOCKS = YES;
				GCC_WARN_64_TO_32_BIT_CONVERSION = YES;
				GCC_WARN_ABOUT_RETURN_TYPE = YES_ERROR;
				GCC_WARN_UNDECLARED_SELECTOR = YES;
				GCC_WARN_UNINITIALIZED_AUTOS = YES_AGGRESSIVE;
				GCC_WARN_UNUSED_FUNCTION = YES;
				GCC_WARN_UNUSED_VARIABLE = YES;
				IPHONEOS_DEPLOYMENT_TARGET = 15.5;
				MTL_ENABLE_DEBUG_INFO = NO;
				MTL_FAST_MATH = YES;
				SDKROOT = iphoneos;
				SWIFT_COMPILATION_MODE = wholemodule;
				SWIFT_OPTIMIZATION_LEVEL = "-O";
				VALIDATE_PRODUCT = YES;
			};
			name = Release;
		};
		B03C0B7C28B3AEC300CB8379 /* Debug */ = {
			isa = XCBuildConfiguration;
			buildSettings = {
				ASSETCATALOG_COMPILER_APPICON_NAME = AppIcon;
				ASSETCATALOG_COMPILER_GLOBAL_ACCENT_COLOR_NAME = AccentColor;
				CODE_SIGN_STYLE = Automatic;
				CURRENT_PROJECT_VERSION = 1;
				DEVELOPMENT_ASSET_PATHS = "\"BreakingBadApp/Preview Content\"";
				ENABLE_PREVIEWS = YES;
				GENERATE_INFOPLIST_FILE = YES;
				INFOPLIST_KEY_UIApplicationSceneManifest_Generation = YES;
				INFOPLIST_KEY_UIApplicationSupportsIndirectInputEvents = YES;
				INFOPLIST_KEY_UILaunchScreen_Generation = YES;
				INFOPLIST_KEY_UISupportedInterfaceOrientations_iPad = "UIInterfaceOrientationPortrait UIInterfaceOrientationPortraitUpsideDown UIInterfaceOrientationLandscapeLeft UIInterfaceOrientationLandscapeRight";
				INFOPLIST_KEY_UISupportedInterfaceOrientations_iPhone = "UIInterfaceOrientationPortrait UIInterfaceOrientationLandscapeLeft UIInterfaceOrientationLandscapeRight";
				LD_RUNPATH_SEARCH_PATHS = (
					"$(inherited)",
					"@executable_path/Frameworks",
				);
				MARKETING_VERSION = 1.0;
				PRODUCT_BUNDLE_IDENTIFIER = singking.BreakingBadApp;
				PRODUCT_NAME = "$(TARGET_NAME)";
				SWIFT_EMIT_LOC_STRINGS = YES;
				SWIFT_VERSION = 5.0;
				TARGETED_DEVICE_FAMILY = "1,2";
			};
			name = Debug;
		};
		B03C0B7D28B3AEC300CB8379 /* Release */ = {
			isa = XCBuildConfiguration;
			buildSettings = {
				ASSETCATALOG_COMPILER_APPICON_NAME = AppIcon;
				ASSETCATALOG_COMPILER_GLOBAL_ACCENT_COLOR_NAME = AccentColor;
				CODE_SIGN_STYLE = Automatic;
				CURRENT_PROJECT_VERSION = 1;
				DEVELOPMENT_ASSET_PATHS = "\"BreakingBadApp/Preview Content\"";
				ENABLE_PREVIEWS = YES;
				GENERATE_INFOPLIST_FILE = YES;
				INFOPLIST_KEY_UIApplicationSceneManifest_Generation = YES;
				INFOPLIST_KEY_UIApplicationSupportsIndirectInputEvents = YES;
				INFOPLIST_KEY_UILaunchScreen_Generation = YES;
				INFOPLIST_KEY_UISupportedInterfaceOrientations_iPad = "UIInterfaceOrientationPortrait UIInterfaceOrientationPortraitUpsideDown UIInterfaceOrientationLandscapeLeft UIInterfaceOrientationLandscapeRight";
				INFOPLIST_KEY_UISupportedInterfaceOrientations_iPhone = "UIInterfaceOrientationPortrait UIInterfaceOrientationLandscapeLeft UIInterfaceOrientationLandscapeRight";
				LD_RUNPATH_SEARCH_PATHS = (
					"$(inherited)",
					"@executable_path/Frameworks",
				);
				MARKETING_VERSION = 1.0;
				PRODUCT_BUNDLE_IDENTIFIER = singking.BreakingBadApp;
				PRODUCT_NAME = "$(TARGET_NAME)";
				SWIFT_EMIT_LOC_STRINGS = YES;
				SWIFT_VERSION = 5.0;
				TARGETED_DEVICE_FAMILY = "1,2";
			};
			name = Release;
		};
		B03C0B7F28B3AEC300CB8379 /* Debug */ = {
			isa = XCBuildConfiguration;
			buildSettings = {
				ALWAYS_EMBED_SWIFT_STANDARD_LIBRARIES = YES;
				BUNDLE_LOADER = "$(TEST_HOST)";
				CODE_SIGN_STYLE = Automatic;
				CURRENT_PROJECT_VERSION = 1;
				GENERATE_INFOPLIST_FILE = YES;
				IPHONEOS_DEPLOYMENT_TARGET = 15.5;
				MARKETING_VERSION = 1.0;
				PRODUCT_BUNDLE_IDENTIFIER = singking.BreakingBadAppTests;
				PRODUCT_NAME = "$(TARGET_NAME)";
				SWIFT_EMIT_LOC_STRINGS = NO;
				SWIFT_VERSION = 5.0;
				TARGETED_DEVICE_FAMILY = "1,2";
				TEST_HOST = "$(BUILT_PRODUCTS_DIR)/BreakingBadApp.app/BreakingBadApp";
			};
			name = Debug;
		};
		B03C0B8028B3AEC300CB8379 /* Release */ = {
			isa = XCBuildConfiguration;
			buildSettings = {
				ALWAYS_EMBED_SWIFT_STANDARD_LIBRARIES = YES;
				BUNDLE_LOADER = "$(TEST_HOST)";
				CODE_SIGN_STYLE = Automatic;
				CURRENT_PROJECT_VERSION = 1;
				GENERATE_INFOPLIST_FILE = YES;
				IPHONEOS_DEPLOYMENT_TARGET = 15.5;
				MARKETING_VERSION = 1.0;
				PRODUCT_BUNDLE_IDENTIFIER = singking.BreakingBadAppTests;
				PRODUCT_NAME = "$(TARGET_NAME)";
				SWIFT_EMIT_LOC_STRINGS = NO;
				SWIFT_VERSION = 5.0;
				TARGETED_DEVICE_FAMILY = "1,2";
				TEST_HOST = "$(BUILT_PRODUCTS_DIR)/BreakingBadApp.app/BreakingBadApp";
			};
			name = Release;
		};
		B03C0B8228B3AEC300CB8379 /* Debug */ = {
			isa = XCBuildConfiguration;
			buildSettings = {
				ALWAYS_EMBED_SWIFT_STANDARD_LIBRARIES = YES;
				CODE_SIGN_STYLE = Automatic;
				CURRENT_PROJECT_VERSION = 1;
				GENERATE_INFOPLIST_FILE = YES;
				MARKETING_VERSION = 1.0;
				PRODUCT_BUNDLE_IDENTIFIER = singking.BreakingBadAppUITests;
				PRODUCT_NAME = "$(TARGET_NAME)";
				SWIFT_EMIT_LOC_STRINGS = NO;
				SWIFT_VERSION = 5.0;
				TARGETED_DEVICE_FAMILY = "1,2";
				TEST_TARGET_NAME = BreakingBadApp;
			};
			name = Debug;
		};
		B03C0B8328B3AEC300CB8379 /* Release */ = {
			isa = XCBuildConfiguration;
			buildSettings = {
				ALWAYS_EMBED_SWIFT_STANDARD_LIBRARIES = YES;
				CODE_SIGN_STYLE = Automatic;
				CURRENT_PROJECT_VERSION = 1;
				GENERATE_INFOPLIST_FILE = YES;
				MARKETING_VERSION = 1.0;
				PRODUCT_BUNDLE_IDENTIFIER = singking.BreakingBadAppUITests;
				PRODUCT_NAME = "$(TARGET_NAME)";
				SWIFT_EMIT_LOC_STRINGS = NO;
				SWIFT_VERSION = 5.0;
				TARGETED_DEVICE_FAMILY = "1,2";
				TEST_TARGET_NAME = BreakingBadApp;
			};
			name = Release;
		};
/* End XCBuildConfiguration section */

/* Begin XCConfigurationList section */
		B03C0B4D28B3AEC200CB8379 /* Build configuration list for PBXProject "BreakingBadApp" */ = {
			isa = XCConfigurationList;
			buildConfigurations = (
				B03C0B7928B3AEC300CB8379 /* Debug */,
				B03C0B7A28B3AEC300CB8379 /* Release */,
			);
			defaultConfigurationIsVisible = 0;
			defaultConfigurationName = Release;
		};
		B03C0B7B28B3AEC300CB8379 /* Build configuration list for PBXNativeTarget "BreakingBadApp" */ = {
			isa = XCConfigurationList;
			buildConfigurations = (
				B03C0B7C28B3AEC300CB8379 /* Debug */,
				B03C0B7D28B3AEC300CB8379 /* Release */,
			);
			defaultConfigurationIsVisible = 0;
			defaultConfigurationName = Release;
		};
		B03C0B7E28B3AEC300CB8379 /* Build configuration list for PBXNativeTarget "BreakingBadAppTests" */ = {
			isa = XCConfigurationList;
			buildConfigurations = (
				B03C0B7F28B3AEC300CB8379 /* Debug */,
				B03C0B8028B3AEC300CB8379 /* Release */,
			);
			defaultConfigurationIsVisible = 0;
			defaultConfigurationName = Release;
		};
		B03C0B8128B3AEC300CB8379 /* Build configuration list for PBXNativeTarget "BreakingBadAppUITests" */ = {
			isa = XCConfigurationList;
			buildConfigurations = (
				B03C0B8228B3AEC300CB8379 /* Debug */,
				B03C0B8328B3AEC300CB8379 /* Release */,
			);
			defaultConfigurationIsVisible = 0;
			defaultConfigurationName = Release;
		};
/* End XCConfigurationList section */

/* Begin XCVersionGroup section */
		B03C0B6028B3AEC300CB8379 /* BreakingBadApp.xcdatamodeld */ = {
			isa = XCVersionGroup;
			children = (
				B03C0B6128B3AEC300CB8379 /* BreakingBadApp.xcdatamodel */,
			);
			currentVersion = B03C0B6128B3AEC300CB8379 /* BreakingBadApp.xcdatamodel */;
			path = BreakingBadApp.xcdatamodeld;
			sourceTree = "<group>";
			versionGroupType = wrapper.xcdatamodel;
		};
/* End XCVersionGroup section */
	};
	rootObject = B03C0B4A28B3AEC200CB8379 /* Project object */;
}
